
Microsoft Visual Studio Solution File, Format Version 12.00
# Visual Studio Version 16
VisualStudioVersion = 16.0.31424.327
MinimumVisualStudioVersion = 10.0.40219.1
Project("{9A19103F-16F7-4668-BE54-9A1E7A4F7556}") = "TDDExercise.Tests", "TDDExercise.Tests\TDDExercise.Tests.csproj", "{22B7D366-8A01-4DD7-90D6-26804D67ECAD}"
EndProject
Project("{9A19103F-16F7-4668-BE54-9A1E7A4F7556}") = "TDDExercise.Business", "TDDExercise.Business\TDDExercise.Business.csproj", "{AE70D65C-C98A-46CC-918F-67D9D98ACF59}"
EndProject
Global
	GlobalSection(SolutionConfigurationPlatforms) = preSolution
		Debug|Any CPU = Debug|Any CPU
		Release|Any CPU = Release|Any CPU
	EndGlobalSection
	GlobalSection(ProjectConfigurationPlatforms) = postSolution
		{22B7D366-8A01-4DD7-90D6-26804D67ECAD}.Debug|Any CPU.ActiveCfg = Debug|Any CPU
		{22B7D366-8A01-4DD7-90D6-26804D67ECAD}.Debug|Any CPU.Build.0 = Debug|Any CPU
		{22B7D366-8A01-4DD7-90D6-26804D67ECAD}.Release|Any CPU.ActiveCfg = Release|Any CPU
		{22B7D366-8A01-4DD7-90D6-26804D67ECAD}.Release|Any CPU.Build.0 = Release|Any CPU
		{AE70D65C-C98A-46CC-918F-67D9D98ACF59}.Debug|Any CPU.ActiveCfg = Debug|Any CPU
		{AE70D65C-C98A-46CC-918F-67D9D98ACF59}.Debug|Any CPU.Build.0 = Debug|Any CPU
		{AE70D65C-C98A-46CC-918F-67D9D98ACF59}.Release|Any CPU.ActiveCfg = Release|Any CPU
		{AE70D65C-C98A-46CC-918F-67D9D98ACF59}.Release|Any CPU.Build.0 = Release|Any CPU
	EndGlobalSection
	GlobalSection(SolutionProperties) = preSolution
		HideSolutionNode = FALSE
	EndGlobalSection
	GlobalSection(ExtensibilityGlobals) = postSolution
		SolutionGuid = {EE4137AF-1F66-4A63-8089-192B2A05CFE4}
	EndGlobalSection
EndGlobal
